
Microsoft Visual Studio Solution File, Format Version 12.00
# Visual Studio Version 17
VisualStudioVersion = 17.3.32922.545
MinimumVisualStudioVersion = 10.0.40219.1
Project("{9A19103F-16F7-4668-BE54-9A1E7A4F7556}") = "APIThingOrWhateverIdk", "APIThingOrWhateverIdk\APIThingOrWhateverIdk.csproj", "{61604D2D-B4C3-4B47-BB97-D08128F15857}"
EndProject
Project("{9A19103F-16F7-4668-BE54-9A1E7A4F7556}") = "APIThingOrWhateverIdkTest", "APIThingOrWhateverIdkTest\APIThingOrWhateverIdkTest.csproj", "{75D8C33E-4DDF-4AB9-844D-9915B27294E2}"
EndProject
Global
	GlobalSection(SolutionConfigurationPlatforms) = preSolution
		Debug|Any CPU = Debug|Any CPU
		Release|Any CPU = Release|Any CPU
	EndGlobalSection
	GlobalSection(ProjectConfigurationPlatforms) = postSolution
		{61604D2D-B4C3-4B47-BB97-D08128F15857}.Debug|Any CPU.ActiveCfg = Debug|Any CPU
		{61604D2D-B4C3-4B47-BB97-D08128F15857}.Debug|Any CPU.Build.0 = Debug|Any CPU
		{61604D2D-B4C3-4B47-BB97-D08128F15857}.Release|Any CPU.ActiveCfg = Release|Any CPU
		{61604D2D-B4C3-4B47-BB97-D08128F15857}.Release|Any CPU.Build.0 = Release|Any CPU
		{75D8C33E-4DDF-4AB9-844D-9915B27294E2}.Debug|Any CPU.ActiveCfg = Debug|Any CPU
		{75D8C33E-4DDF-4AB9-844D-9915B27294E2}.Debug|Any CPU.Build.0 = Debug|Any CPU
		{75D8C33E-4DDF-4AB9-844D-9915B27294E2}.Release|Any CPU.ActiveCfg = Release|Any CPU
		{75D8C33E-4DDF-4AB9-844D-9915B27294E2}.Release|Any CPU.Build.0 = Release|Any CPU
	EndGlobalSection
	GlobalSection(SolutionProperties) = preSolution
		HideSolutionNode = FALSE
	EndGlobalSection
	GlobalSection(ExtensibilityGlobals) = postSolution
		SolutionGuid = {D8451254-866C-4688-8D57-06ACAB6B2DC9}
	EndGlobalSection
EndGlobal
